
Microsoft Visual Studio Solution File, Format Version 12.00
# Visual Studio 15
VisualStudioVersion = 15.0.28010.2041
MinimumVisualStudioVersion = 10.0.40219.1
Project("{FAE04EC0-301F-11D3-BF4B-00C04F79EFBC}") = "Beerkoenig.Api", "Beerkoenig.Api\Beerkoenig.Api.csproj", "{04F12A2D-A98E-4050-A2E8-CDF1880B191C}"
EndProject
Project("{FAE04EC0-301F-11D3-BF4B-00C04F79EFBC}") = "Beerkoenig.Services", "Beerkoenig.Services\Beerkoenig.Services.csproj", "{BA793D69-EEA8-4C2A-9A77-520B6E81A837}"
EndProject
Project("{2150E333-8FDC-42A3-9474-1A3956D46DE8}") = "Documents", "Documents", "{B8E07436-E760-4871-B023-24B28BD94D24}"
	ProjectSection(SolutionItems) = preProject
		Documents\DataModel-Design.txt = Documents\DataModel-Design.txt
		Documents\Service-Interface-Design.txt = Documents\Service-Interface-Design.txt
	EndProjectSection
EndProject
Global
	GlobalSection(SolutionConfigurationPlatforms) = preSolution
		Debug|Any CPU = Debug|Any CPU
		Release|Any CPU = Release|Any CPU
	EndGlobalSection
	GlobalSection(ProjectConfigurationPlatforms) = postSolution
		{04F12A2D-A98E-4050-A2E8-CDF1880B191C}.Debug|Any CPU.ActiveCfg = Debug|Any CPU
		{04F12A2D-A98E-4050-A2E8-CDF1880B191C}.Debug|Any CPU.Build.0 = Debug|Any CPU
		{04F12A2D-A98E-4050-A2E8-CDF1880B191C}.Release|Any CPU.ActiveCfg = Release|Any CPU
		{04F12A2D-A98E-4050-A2E8-CDF1880B191C}.Release|Any CPU.Build.0 = Release|Any CPU
		{BA793D69-EEA8-4C2A-9A77-520B6E81A837}.Debug|Any CPU.ActiveCfg = Debug|Any CPU
		{BA793D69-EEA8-4C2A-9A77-520B6E81A837}.Debug|Any CPU.Build.0 = Debug|Any CPU
		{BA793D69-EEA8-4C2A-9A77-520B6E81A837}.Release|Any CPU.ActiveCfg = Release|Any CPU
		{BA793D69-EEA8-4C2A-9A77-520B6E81A837}.Release|Any CPU.Build.0 = Release|Any CPU
	EndGlobalSection
	GlobalSection(SolutionProperties) = preSolution
		HideSolutionNode = FALSE
	EndGlobalSection
	GlobalSection(ExtensibilityGlobals) = postSolution
		SolutionGuid = {F0E82CF7-E479-4D35-A957-CCAA6CA6EC7B}
	EndGlobalSection
EndGlobal
